// !$*UTF8*$!
{
	archiveVersion = 1;
	classes = {
	};
	objectVersion = 46;
	objects = {

/* Begin PBXBuildFile section */
		FD06051B1D255FF200E663A7 /* main.m in Sources */ = {isa = PBXBuildFile; fileRef = FD06051A1D255FF200E663A7 /* main.m */; };
		FD06051E1D255FF200E663A7 /* AppDelegate.m in Sources */ = {isa = PBXBuildFile; fileRef = FD06051D1D255FF200E663A7 /* AppDelegate.m */; };
		FD0605211D255FF200E663A7 /* ViewController.m in Sources */ = {isa = PBXBuildFile; fileRef = FD0605201D255FF200E663A7 /* ViewController.m */; };
		FD0605241D255FF200E663A7 /* Main.storyboard in Resources */ = {isa = PBXBuildFile; fileRef = FD0605221D255FF200E663A7 /* Main.storyboard */; };
		FD0605261D255FF200E663A7 /* Assets.xcassets in Resources */ = {isa = PBXBuildFile; fileRef = FD0605251D255FF200E663A7 /* Assets.xcassets */; };
		FD0605291D255FF200E663A7 /* LaunchScreen.storyboard in Resources */ = {isa = PBXBuildFile; fileRef = FD0605271D255FF200E663A7 /* LaunchScreen.storyboard */; };
		FD0605341D255FF200E663A7 /* LearnSDWebImageTests.m in Sources */ = {isa = PBXBuildFile; fileRef = FD0605331D255FF200E663A7 /* LearnSDWebImageTests.m */; };
		FDC245EE1D37776E006B470D /* WebImage.framework in Frameworks */ = {isa = PBXBuildFile; fileRef = FDC245D71D377261006B470D /* WebImage.framework */; };
/* End PBXBuildFile section */

/* Begin PBXContainerItemProxy section */
		FD0605301D255FF200E663A7 /* PBXContainerItemProxy */ = {
			isa = PBXContainerItemProxy;
			containerPortal = FD06050E1D255FF200E663A7 /* Project object */;
			proxyType = 1;
			remoteGlobalIDString = FD0605151D255FF200E663A7;
			remoteInfo = LearnSDWebImage;
		};
		FDC245D01D377261006B470D /* PBXContainerItemProxy */ = {
			isa = PBXContainerItemProxy;
			containerPortal = FDC245C71D377261006B470D /* SDWebImage.xcodeproj */;
			proxyType = 2;
			remoteGlobalIDString = 53761325155AD0D5005750A4;
			remoteInfo = SDWebImage;
		};
		FDC245D21D377261006B470D /* PBXContainerItemProxy */ = {
			isa = PBXContainerItemProxy;
			containerPortal = FDC245C71D377261006B470D /* SDWebImage.xcodeproj */;
			proxyType = 2;
			remoteGlobalIDString = 537D95C117ECC1FE0097C263;
			remoteInfo = "SDWebImage+WebP";
		};
		FDC245D41D377261006B470D /* PBXContainerItemProxy */ = {
			isa = PBXContainerItemProxy;
			containerPortal = FDC245C71D377261006B470D /* SDWebImage.xcodeproj */;
			proxyType = 2;
			remoteGlobalIDString = 531041E0157EAFA400BBABC3;
			remoteInfo = "SDWebImage+MKAnnotation";
		};
		FDC245D61D377261006B470D /* PBXContainerItemProxy */ = {
			isa = PBXContainerItemProxy;
			containerPortal = FDC245C71D377261006B470D /* SDWebImage.xcodeproj */;
			proxyType = 2;
			remoteGlobalIDString = 4A2CADFF1AB4BB5300B6BC39;
			remoteInfo = WebImage;
		};
		FDC245D81D377261006B470D /* PBXContainerItemProxy */ = {
			isa = PBXContainerItemProxy;
			containerPortal = FDC245C71D377261006B470D /* SDWebImage.xcodeproj */;
			proxyType = 2;
			remoteGlobalIDString = 00733A4C1BC487C000A5A117;
			remoteInfo = "WebImage tvOS";
		};
		FDC245EF1D37777A006B470D /* PBXContainerItemProxy */ = {
			isa = PBXContainerItemProxy;
			containerPortal = FDC245C71D377261006B470D /* SDWebImage.xcodeproj */;
			proxyType = 1;
			remoteGlobalIDString = 4A2CADFE1AB4BB5300B6BC39;
			remoteInfo = WebImage;
		};
/* End PBXContainerItemProxy section */

/* Begin PBXFileReference section */
		FD0605161D255FF200E663A7 /* LearnSDWebImage.app */ = {isa = PBXFileReference; explicitFileType = wrapper.application; includeInIndex = 0; path = LearnSDWebImage.app; sourceTree = BUILT_PRODUCTS_DIR; };
		FD06051A1D255FF200E663A7 /* main.m */ = {isa = PBXFileReference; lastKnownFileType = sourcecode.c.objc; path = main.m; sourceTree = "<group>"; };
		FD06051C1D255FF200E663A7 /* AppDelegate.h */ = {isa = PBXFileReference; lastKnownFileType = sourcecode.c.h; path = AppDelegate.h; sourceTree = "<group>"; };
		FD06051D1D255FF200E663A7 /* AppDelegate.m */ = {isa = PBXFileReference; lastKnownFileType = sourcecode.c.objc; path = AppDelegate.m; sourceTree = "<group>"; };
		FD06051F1D255FF200E663A7 /* ViewController.h */ = {isa = PBXFileReference; lastKnownFileType = sourcecode.c.h; path = ViewController.h; sourceTree = "<group>"; };
		FD0605201D255FF200E663A7 /* ViewController.m */ = {isa = PBXFileReference; lastKnownFileType = sourcecode.c.objc; path = ViewController.m; sourceTree = "<group>"; };
		FD0605231D255FF200E663A7 /* Base */ = {isa = PBXFileReference; lastKnownFileType = file.storyboard; name = Base; path = Base.lproj/Main.storyboard; sourceTree = "<group>"; };
		FD0605251D255FF200E663A7 /* Assets.xcassets */ = {isa = PBXFileReference; lastKnownFileType = folder.assetcatalog; path = Assets.xcassets; sourceTree = "<group>"; };
		FD0605281D255FF200E663A7 /* Base */ = {isa = PBXFileReference; lastKnownFileType = file.storyboard; name = Base; path = Base.lproj/LaunchScreen.storyboard; sourceTree = "<group>"; };
		FD06052A1D255FF200E663A7 /* Info.plist */ = {isa = PBXFileReference; lastKnownFileType = text.plist.xml; path = Info.plist; sourceTree = "<group>"; };
		FD06052F1D255FF200E663A7 /* LearnSDWebImageTests.xctest */ = {isa = PBXFileReference; explicitFileType = wrapper.cfbundle; includeInIndex = 0; path = LearnSDWebImageTests.xctest; sourceTree = BUILT_PRODUCTS_DIR; };
		FD0605331D255FF200E663A7 /* LearnSDWebImageTests.m */ = {isa = PBXFileReference; lastKnownFileType = sourcecode.c.objc; path = LearnSDWebImageTests.m; sourceTree = "<group>"; };
		FD0605351D255FF200E663A7 /* Info.plist */ = {isa = PBXFileReference; lastKnownFileType = text.plist.xml; path = Info.plist; sourceTree = "<group>"; };
		FDC245C71D377261006B470D /* SDWebImage.xcodeproj */ = {isa = PBXFileReference; lastKnownFileType = "wrapper.pb-project"; name = SDWebImage.xcodeproj; path = ../../framework/SDWebImage/SDWebImage.xcodeproj; sourceTree = "<group>"; };
/* End PBXFileReference section */

/* Begin PBXFrameworksBuildPhase section */
		FD0605131D255FF200E663A7 /* Frameworks */ = {
			isa = PBXFrameworksBuildPhase;
			buildActionMask = 2147483647;
			files = (
				FDC245EE1D37776E006B470D /* WebImage.framework in Frameworks */,
			);
			runOnlyForDeploymentPostprocessing = 0;
		};
		FD06052C1D255FF200E663A7 /* Frameworks */ = {
			isa = PBXFrameworksBuildPhase;
			buildActionMask = 2147483647;
			files = (
			);
			runOnlyForDeploymentPostprocessing = 0;
		};
/* End PBXFrameworksBuildPhase section */

/* Begin PBXGroup section */
		D47600043E96C4B8099A94D5 /* Frameworks */ = {
			isa = PBXGroup;
			children = (
				FDC245C71D377261006B470D /* SDWebImage.xcodeproj */,
			);
			name = Frameworks;
			sourceTree = "<group>";
		};
		FD06050D1D255FF200E663A7 = {
			isa = PBXGroup;
			children = (
				FD0605181D255FF200E663A7 /* LearnSDWebImage */,
				FD0605321D255FF200E663A7 /* LearnSDWebImageTests */,
				FD0605171D255FF200E663A7 /* Products */,
				D47600043E96C4B8099A94D5 /* Frameworks */,
			);
			sourceTree = "<group>";
		};
		FD0605171D255FF200E663A7 /* Products */ = {
			isa = PBXGroup;
			children = (
				FD0605161D255FF200E663A7 /* LearnSDWebImage.app */,
				FD06052F1D255FF200E663A7 /* LearnSDWebImageTests.xctest */,
			);
			name = Products;
			sourceTree = "<group>";
		};
		FD0605181D255FF200E663A7 /* LearnSDWebImage */ = {
			isa = PBXGroup;
			children = (
				FD06051C1D255FF200E663A7 /* AppDelegate.h */,
				FD06051D1D255FF200E663A7 /* AppDelegate.m */,
				FD06051F1D255FF200E663A7 /* ViewController.h */,
				FD0605201D255FF200E663A7 /* ViewController.m */,
				FD0605221D255FF200E663A7 /* Main.storyboard */,
				FD0605251D255FF200E663A7 /* Assets.xcassets */,
				FD0605271D255FF200E663A7 /* LaunchScreen.storyboard */,
				FD06052A1D255FF200E663A7 /* Info.plist */,
				FD0605191D255FF200E663A7 /* Supporting Files */,
			);
			path = LearnSDWebImage;
			sourceTree = "<group>";
		};
		FD0605191D255FF200E663A7 /* Supporting Files */ = {
			isa = PBXGroup;
			children = (
				FD06051A1D255FF200E663A7 /* main.m */,
			);
			name = "Supporting Files";
			sourceTree = "<group>";
		};
		FD0605321D255FF200E663A7 /* LearnSDWebImageTests */ = {
			isa = PBXGroup;
			children = (
				FD0605331D255FF200E663A7 /* LearnSDWebImageTests.m */,
				FD0605351D255FF200E663A7 /* Info.plist */,
			);
			path = LearnSDWebImageTests;
			sourceTree = "<group>";
		};
		FDC245C81D377261006B470D /* Products */ = {
			isa = PBXGroup;
			children = (
				FDC245D11D377261006B470D /* libSDWebImage.a */,
				FDC245D31D377261006B470D /* libSDWebImage+WebP.a */,
				FDC245D51D377261006B470D /* libSDWebImage+MKAnnotation.a */,
				FDC245D71D377261006B470D /* WebImage.framework */,
				FDC245D91D377261006B470D /* WebImage.framework */,
			);
			name = Products;
			sourceTree = "<group>";
		};
/* End PBXGroup section */

/* Begin PBXNativeTarget section */
		FD0605151D255FF200E663A7 /* LearnSDWebImage */ = {
			isa = PBXNativeTarget;
			buildConfigurationList = FD0605381D255FF200E663A7 /* Build configuration list for PBXNativeTarget "LearnSDWebImage" */;
			buildPhases = (
				FD0605121D255FF200E663A7 /* Sources */,
				FD0605131D255FF200E663A7 /* Frameworks */,
				FD0605141D255FF200E663A7 /* Resources */,
			);
			buildRules = (
			);
			dependencies = (
				FDC245F01D37777A006B470D /* PBXTargetDependency */,
			);
			name = LearnSDWebImage;
			productName = LearnSDWebImage;
			productReference = FD0605161D255FF200E663A7 /* LearnSDWebImage.app */;
			productType = "com.apple.product-type.application";
		};
		FD06052E1D255FF200E663A7 /* LearnSDWebImageTests */ = {
			isa = PBXNativeTarget;
			buildConfigurationList = FD06053B1D255FF200E663A7 /* Build configuration list for PBXNativeTarget "LearnSDWebImageTests" */;
			buildPhases = (
				FD06052B1D255FF200E663A7 /* Sources */,
				FD06052C1D255FF200E663A7 /* Frameworks */,
				FD06052D1D255FF200E663A7 /* Resources */,
			);
			buildRules = (
			);
			dependencies = (
				FD0605311D255FF200E663A7 /* PBXTargetDependency */,
			);
			name = LearnSDWebImageTests;
			productName = LearnSDWebImageTests;
			productReference = FD06052F1D255FF200E663A7 /* LearnSDWebImageTests.xctest */;
			productType = "com.apple.product-type.bundle.unit-test";
		};
/* End PBXNativeTarget section */

/* Begin PBXProject section */
		FD06050E1D255FF200E663A7 /* Project object */ = {
			isa = PBXProject;
			attributes = {
				LastUpgradeCheck = 0730;
				ORGANIZATIONNAME = "林伟池";
				TargetAttributes = {
					FD0605151D255FF200E663A7 = {
						CreatedOnToolsVersion = 7.3.1;
					};
					FD06052E1D255FF200E663A7 = {
						CreatedOnToolsVersion = 7.3.1;
						TestTargetID = FD0605151D255FF200E663A7;
					};
				};
			};
			buildConfigurationList = FD0605111D255FF200E663A7 /* Build configuration list for PBXProject "LearnSDWebImage" */;
			compatibilityVersion = "Xcode 3.2";
			developmentRegion = English;
			hasScannedForEncodings = 0;
			knownRegions = (
				en,
				Base,
			);
			mainGroup = FD06050D1D255FF200E663A7;
			productRefGroup = FD0605171D255FF200E663A7 /* Products */;
			projectDirPath = "";
			projectReferences = (
				{
					ProductGroup = FDC245C81D377261006B470D /* Products */;
					ProjectRef = FDC245C71D377261006B470D /* SDWebImage.xcodeproj */;
				},
			);
			projectRoot = "";
			targets = (
				FD0605151D255FF200E663A7 /* LearnSDWebImage */,
				FD06052E1D255FF200E663A7 /* LearnSDWebImageTests */,
			);
		};
/* End PBXProject section */

/* Begin PBXReferenceProxy section */
		FDC245D11D377261006B470D /* libSDWebImage.a */ = {
			isa = PBXReferenceProxy;
			fileType = archive.ar;
			path = libSDWebImage.a;
			remoteRef = FDC245D01D377261006B470D /* PBXContainerItemProxy */;
			sourceTree = BUILT_PRODUCTS_DIR;
		};
		FDC245D31D377261006B470D /* libSDWebImage+WebP.a */ = {
			isa = PBXReferenceProxy;
			fileType = archive.ar;
			path = "libSDWebImage+WebP.a";
			remoteRef = FDC245D21D377261006B470D /* PBXContainerItemProxy */;
			sourceTree = BUILT_PRODUCTS_DIR;
		};
		FDC245D51D377261006B470D /* libSDWebImage+MKAnnotation.a */ = {
			isa = PBXReferenceProxy;
			fileType = archive.ar;
			path = "libSDWebImage+MKAnnotation.a";
			remoteRef = FDC245D41D377261006B470D /* PBXContainerItemProxy */;
			sourceTree = BUILT_PRODUCTS_DIR;
		};
		FDC245D71D377261006B470D /* WebImage.framework */ = {
			isa = PBXReferenceProxy;
			fileType = wrapper.framework;
			path = WebImage.framework;
			remoteRef = FDC245D61D377261006B470D /* PBXContainerItemProxy */;
			sourceTree = BUILT_PRODUCTS_DIR;
		};
		FDC245D91D377261006B470D /* WebImage.framework */ = {
			isa = PBXReferenceProxy;
			fileType = wrapper.framework;
			path = WebImage.framework;
			remoteRef = FDC245D81D377261006B470D /* PBXContainerItemProxy */;
			sourceTree = BUILT_PRODUCTS_DIR;
		};
/* End PBXReferenceProxy section */

/* Begin PBXResourcesBuildPhase section */
		FD0605141D255FF200E663A7 /* Resources */ = {
			isa = PBXResourcesBuildPhase;
			buildActionMask = 2147483647;
			files = (
				FD0605291D255FF200E663A7 /* LaunchScreen.storyboard in Resources */,
				FD0605261D255FF200E663A7 /* Assets.xcassets in Resources */,
				FD0605241D255FF200E663A7 /* Main.storyboard in Resources */,
			);
			runOnlyForDeploymentPostprocessing = 0;
		};
		FD06052D1D255FF200E663A7 /* Resources */ = {
			isa = PBXResourcesBuildPhase;
			buildActionMask = 2147483647;
			files = (
			);
			runOnlyForDeploymentPostprocessing = 0;
		};
/* End PBXResourcesBuildPhase section */

/* Begin PBXSourcesBuildPhase section */
		FD0605121D255FF200E663A7 /* Sources */ = {
			isa = PBXSourcesBuildPhase;
			buildActionMask = 2147483647;
			files = (
				FD0605211D255FF200E663A7 /* ViewController.m in Sources */,
				FD06051E1D255FF200E663A7 /* AppDelegate.m in Sources */,
				FD06051B1D255FF200E663A7 /* main.m in Sources */,
			);
			runOnlyForDeploymentPostprocessing = 0;
		};
		FD06052B1D255FF200E663A7 /* Sources */ = {
			isa = PBXSourcesBuildPhase;
			buildActionMask = 2147483647;
			files = (
				FD0605341D255FF200E663A7 /* LearnSDWebImageTests.m in Sources */,
			);
			runOnlyForDeploymentPostprocessing = 0;
		};
/* End PBXSourcesBuildPhase section */

/* Begin PBXTargetDependency section */
		FD0605311D255FF200E663A7 /* PBXTargetDependency */ = {
			isa = PBXTargetDependency;
			target = FD0605151D255FF200E663A7 /* LearnSDWebImage */;
			targetProxy = FD0605301D255FF200E663A7 /* PBXContainerItemProxy */;
		};
		FDC245F01D37777A006B470D /* PBXTargetDependency */ = {
			isa = PBXTargetDependency;
			name = WebImage;
			targetProxy = FDC245EF1D37777A006B470D /* PBXContainerItemProxy */;
		};
/* End PBXTargetDependency section */

/* Begin PBXVariantGroup section */
		FD0605221D255FF200E663A7 /* Main.storyboard */ = {
			isa = PBXVariantGroup;
			children = (
				FD0605231D255FF200E663A7 /* Base */,
			);
			name = Main.storyboard;
			sourceTree = "<group>";
		};
		FD0605271D255FF200E663A7 /* LaunchScreen.storyboard */ = {
			isa = PBXVariantGroup;
			children = (
				FD0605281D255FF200E663A7 /* Base */,
			);
			name = LaunchScreen.storyboard;
			sourceTree = "<group>";
		};
/* End PBXVariantGroup section */

/* Begin XCBuildConfiguration section */
		FD0605361D255FF200E663A7 /* Debug */ = {
			isa = XCBuildConfiguration;
			buildSettings = {
				ALWAYS_SEARCH_USER_PATHS = NO;
				CLANG_ANALYZER_NONNULL = YES;
				CLANG_CXX_LANGUAGE_STANDARD = "gnu++0x";
				CLANG_CXX_LIBRARY = "libc++";
				CLANG_ENABLE_MODULES = YES;
				CLANG_ENABLE_OBJC_ARC = YES;
				CLANG_WARN_BOOL_CONVERSION = YES;
				CLANG_WARN_CONSTANT_CONVERSION = YES;
				CLANG_WARN_DIRECT_OBJC_ISA_USAGE = YES_ERROR;
				CLANG_WARN_EMPTY_BODY = YES;
				CLANG_WARN_ENUM_CONVERSION = YES;
				CLANG_WARN_INT_CONVERSION = YES;
				CLANG_WARN_OBJC_ROOT_CLASS = YES_ERROR;
				CLANG_WARN_UNREACHABLE_CODE = YES;
				CLANG_WARN__DUPLICATE_METHOD_MATCH = YES;
				"CODE_SIGN_IDENTITY[sdk=iphoneos*]" = "iPhone Developer";
				COPY_PHASE_STRIP = NO;
				DEBUG_INFORMATION_FORMAT = dwarf;
				ENABLE_STRICT_OBJC_MSGSEND = YES;
				ENABLE_TESTABILITY = YES;
				GCC_C_LANGUAGE_STANDARD = gnu99;
				GCC_DYNAMIC_NO_PIC = NO;
				GCC_NO_COMMON_BLOCKS = YES;
				GCC_OPTIMIZATION_LEVEL = 0;
				GCC_PREPROCESSOR_DEFINITIONS = (
					"DEBUG=1",
					"$(inherited)",
				);
				GCC_WARN_64_TO_32_BIT_CONVERSION = YES;
				GCC_WARN_ABOUT_RETURN_TYPE = YES_ERROR;
				GCC_WARN_UNDECLARED_SELECTOR = YES;
				GCC_WARN_UNINITIALIZED_AUTOS = YES_AGGRESSIVE;
				GCC_WARN_UNUSED_FUNCTION = YES;
				GCC_WARN_UNUSED_VARIABLE = YES;
				IPHONEOS_DEPLOYMENT_TARGET = 9.3;
				MTL_ENABLE_DEBUG_INFO = YES;
				ONLY_ACTIVE_ARCH = YES;
				SDKROOT = iphoneos;
			};
			name = Debug;
		};
		FD0605371D255FF200E663A7 /* Release */ = {
			isa = XCBuildConfiguration;
			buildSettings = {
				ALWAYS_SEARCH_USER_PATHS = NO;
				CLANG_ANALYZER_NONNULL = YES;
				CLANG_CXX_LANGUAGE_STANDARD = "gnu++0x";
				CLANG_CXX_LIBRARY = "libc++";
				CLANG_ENABLE_MODULES = YES;
				CLANG_ENABLE_OBJC_ARC = YES;
				CLANG_WARN_BOOL_CONVERSION = YES;
				CLANG_WARN_CONSTANT_CONVERSION = YES;
				CLANG_WARN_DIRECT_OBJC_ISA_USAGE = YES_ERROR;
				CLANG_WARN_EMPTY_BODY = YES;
				CLANG_WARN_ENUM_CONVERSION = YES;
				CLANG_WARN_INT_CONVERSION = YES;
				CLANG_WARN_OBJC_ROOT_CLASS = YES_ERROR;
				CLANG_WARN_UNREACHABLE_CODE = YES;
				CLANG_WARN__DUPLICATE_METHOD_MATCH = YES;
				"CODE_SIGN_IDENTITY[sdk=iphoneos*]" = "iPhone Developer";
				COPY_PHASE_STRIP = NO;
				DEBUG_INFORMATION_FORMAT = "dwarf-with-dsym";
				ENABLE_NS_ASSERTIONS = NO;
				ENABLE_STRICT_OBJC_MSGSEND = YES;
				GCC_C_LANGUAGE_STANDARD = gnu99;
				GCC_NO_COMMON_BLOCKS = YES;
				GCC_WARN_64_TO_32_BIT_CONVERSION = YES;
				GCC_WARN_ABOUT_RETURN_TYPE = YES_ERROR;
				GCC_WARN_UNDECLARED_SELECTOR = YES;
				GCC_WARN_UNINITIALIZED_AUTOS = YES_AGGRESSIVE;
				GCC_WARN_UNUSED_FUNCTION = YES;
				GCC_WARN_UNUSED_VARIABLE = YES;
				IPHONEOS_DEPLOYMENT_TARGET = 9.3;
				MTL_ENABLE_DEBUG_INFO = NO;
				SDKROOT = iphoneos;
				VALIDATE_PRODUCT = YES;
			};
			name = Release;
		};
		FD0605391D255FF200E663A7 /* Debug */ = {
			isa = XCBuildConfiguration;
			buildSettings = {
				ASSETCATALOG_COMPILER_APPICON_NAME = AppIcon;
				HEADER_SEARCH_PATHS = ../../framework/SDWebImage/SDWebImage/;
				INFOPLIST_FILE = LearnSDWebImage/Info.plist;
				LD_RUNPATH_SEARCH_PATHS = "$(inherited) @executable_path/Frameworks";
				OTHER_LDFLAGS = "";
				PRODUCT_BUNDLE_IDENTIFIER = loying.lin.LearnSDWebImage;
				PRODUCT_NAME = "$(TARGET_NAME)";
			};
			name = Debug;
		};
		FD06053A1D255FF200E663A7 /* Release */ = {
			isa = XCBuildConfiguration;
			buildSettings = {
				ASSETCATALOG_COMPILER_APPICON_NAME = AppIcon;
				HEADER_SEARCH_PATHS = ../../framework/SDWebImage/SDWebImage/;
				INFOPLIST_FILE = LearnSDWebImage/Info.plist;
				LD_RUNPATH_SEARCH_PATHS = "$(inherited) @executable_path/Frameworks";
				OTHER_LDFLAGS = "";
				PRODUCT_BUNDLE_IDENTIFIER = loying.lin.LearnSDWebImage;
				PRODUCT_NAME = "$(TARGET_NAME)";
			};
			name = Release;
		};
		FD06053C1D255FF200E663A7 /* Debug */ = {
			isa = XCBuildConfiguration;
			buildSettings = {
				BUNDLE_LOADER = "$(TEST_HOST)";
				INFOPLIST_FILE = LearnSDWebImageTests/Info.plist;
				LD_RUNPATH_SEARCH_PATHS = "$(inherited) @executable_path/Frameworks @loader_path/Frameworks";
				PRODUCT_BUNDLE_IDENTIFIER = loying.lin.LearnSDWebImageTests;
				PRODUCT_NAME = "$(TARGET_NAME)";
				TEST_HOST = "$(BUILT_PRODUCTS_DIR)/LearnSDWebImage.app/LearnSDWebImage";
			};
			name = Debug;
		};
		FD06053D1D255FF200E663A7 /* Release */ = {
			isa = XCBuildConfiguration;
			buildSettings = {
				BUNDLE_LOADER = "$(TEST_HOST)";
				INFOPLIST_FILE = LearnSDWebImageTests/Info.plist;
				LD_RUNPATH_SEARCH_PATHS = "$(inherited) @executable_path/Frameworks @loader_path/Frameworks";
				PRODUCT_BUNDLE_IDENTIFIER = loying.lin.LearnSDWebImageTests;
				PRODUCT_NAME = "$(TARGET_NAME)";
				TEST_HOST = "$(BUILT_PRODUCTS_DIR)/LearnSDWebImage.app/LearnSDWebImage";
			};
			name = Release;
		};
/* End XCBuildConfiguration section */

/* Begin XCConfigurationList section */
		FD0605111D255FF200E663A7 /* Build configuration list for PBXProject "LearnSDWebImage" */ = {
			isa = XCConfigurationList;
			buildConfigurations = (
				FD0605361D255FF200E663A7 /* Debug */,
				FD0605371D255FF200E663A7 /* Release */,
			);
			defaultConfigurationIsVisible = 0;
			defaultConfigurationName = Release;
		};
		FD0605381D255FF200E663A7 /* Build configuration list for PBXNativeTarget "LearnSDWebImage" */ = {
			isa = XCConfigurationList;
			buildConfigurations = (
				FD0605391D255FF200E663A7 /* Debug */,
				FD06053A1D255FF200E663A7 /* Release */,
			);
			defaultConfigurationIsVisible = 0;
			defaultConfigurationName = Release;
		};
		FD06053B1D255FF200E663A7 /* Build configuration list for PBXNativeTarget "LearnSDWebImageTests" */ = {
			isa = XCConfigurationList;
			buildConfigurations = (
				FD06053C1D255FF200E663A7 /* Debug */,
				FD06053D1D255FF200E663A7 /* Release */,
			);
			defaultConfigurationIsVisible = 0;
			defaultConfigurationName = Release;
		};
/* End XCConfigurationList section */
	};
	rootObject = FD06050E1D255FF200E663A7 /* Project object */;
}
